
Microsoft Visual Studio Solution File, Format Version 12.00
# Visual Studio Version 16
VisualStudioVersion = 16.0.30717.126
MinimumVisualStudioVersion = 10.0.40219.1
Project("{FAE04EC0-301F-11D3-BF4B-00C04F79EFBC}") = "SA02_ThiagoIgnacio_", "SA02_ThiagoIgnacio_\SA02_ThiagoIgnacio_.csproj", "{2516CD50-F7AD-45D4-AFA9-A3DEFCAB4017}"
EndProject
Global
	GlobalSection(SolutionConfigurationPlatforms) = preSolution
		Debug|Any CPU = Debug|Any CPU
		Release|Any CPU = Release|Any CPU
	EndGlobalSection
	GlobalSection(ProjectConfigurationPlatforms) = postSolution
		{2516CD50-F7AD-45D4-AFA9-A3DEFCAB4017}.Debug|Any CPU.ActiveCfg = Debug|Any CPU
		{2516CD50-F7AD-45D4-AFA9-A3DEFCAB4017}.Debug|Any CPU.Build.0 = Debug|Any CPU
		{2516CD50-F7AD-45D4-AFA9-A3DEFCAB4017}.Release|Any CPU.ActiveCfg = Release|Any CPU
		{2516CD50-F7AD-45D4-AFA9-A3DEFCAB4017}.Release|Any CPU.Build.0 = Release|Any CPU
	EndGlobalSection
	GlobalSection(SolutionProperties) = preSolution
		HideSolutionNode = FALSE
	EndGlobalSection
	GlobalSection(ExtensibilityGlobals) = postSolution
		SolutionGuid = {051765D2-DD79-4715-9454-2C4776F4E0B7}
	EndGlobalSection
EndGlobal
